
Microsoft Visual Studio Solution File, Format Version 12.00
# Visual Studio Version 17
VisualStudioVersion = 17.9.34607.119
MinimumVisualStudioVersion = 10.0.40219.1
Project("{FAE04EC0-301F-11D3-BF4B-00C04F79EFBC}") = "PCFSeguroVeicular.API", "PCFSeguroVeicular.API\PCFSeguroVeicular.API.csproj", "{E9FC1D8E-BB58-424C-BC49-D2C7B96BE81C}"
EndProject
Global
	GlobalSection(SolutionConfigurationPlatforms) = preSolution
		Debug|Any CPU = Debug|Any CPU
		Release|Any CPU = Release|Any CPU
	EndGlobalSection
	GlobalSection(ProjectConfigurationPlatforms) = postSolution
		{E9FC1D8E-BB58-424C-BC49-D2C7B96BE81C}.Debug|Any CPU.ActiveCfg = Debug|Any CPU
		{E9FC1D8E-BB58-424C-BC49-D2C7B96BE81C}.Debug|Any CPU.Build.0 = Debug|Any CPU
		{E9FC1D8E-BB58-424C-BC49-D2C7B96BE81C}.Release|Any CPU.ActiveCfg = Release|Any CPU
		{E9FC1D8E-BB58-424C-BC49-D2C7B96BE81C}.Release|Any CPU.Build.0 = Release|Any CPU
	EndGlobalSection
	GlobalSection(SolutionProperties) = preSolution
		HideSolutionNode = FALSE
	EndGlobalSection
	GlobalSection(ExtensibilityGlobals) = postSolution
		SolutionGuid = {554A0112-208A-44A0-86F0-6EC70A0CBB6A}
	EndGlobalSection
EndGlobal
