
Microsoft Visual Studio Solution File, Format Version 12.00
# Visual Studio Version 17
VisualStudioVersion = 17.10.35004.147
MinimumVisualStudioVersion = 10.0.40219.1
Project("{FAE04EC0-301F-11D3-BF4B-00C04F79EFBC}") = "EscolaEximia.HttpService", "EscolaEximia.HttpService\EscolaEximia.HttpService.csproj", "{8EE4741E-9E33-4A27-B11E-8E2DF049B61F}"
EndProject
Global
	GlobalSection(SolutionConfigurationPlatforms) = preSolution
		Debug|Any CPU = Debug|Any CPU
		Release|Any CPU = Release|Any CPU
	EndGlobalSection
	GlobalSection(ProjectConfigurationPlatforms) = postSolution
		{8EE4741E-9E33-4A27-B11E-8E2DF049B61F}.Debug|Any CPU.ActiveCfg = Debug|Any CPU
		{8EE4741E-9E33-4A27-B11E-8E2DF049B61F}.Debug|Any CPU.Build.0 = Debug|Any CPU
		{8EE4741E-9E33-4A27-B11E-8E2DF049B61F}.Release|Any CPU.ActiveCfg = Release|Any CPU
		{8EE4741E-9E33-4A27-B11E-8E2DF049B61F}.Release|Any CPU.Build.0 = Release|Any CPU
	EndGlobalSection
	GlobalSection(SolutionProperties) = preSolution
		HideSolutionNode = FALSE
	EndGlobalSection
	GlobalSection(ExtensibilityGlobals) = postSolution
		SolutionGuid = {D2638E04-E93E-4FE2-AA0E-F1B40D92EC53}
	EndGlobalSection
EndGlobal
